
Microsoft Visual Studio Solution File, Format Version 12.00
# Visual Studio Version 17
VisualStudioVersion = 17.1.32203.90
MinimumVisualStudioVersion = 10.0.40219.1
Project("{FAE04EC0-301F-11D3-BF4B-00C04F79EFBC}") = "BookStore", "BookStore\BookStore.csproj", "{8DFF1B9C-6860-4436-BECF-3F329E773F51}"
EndProject
Project("{FAE04EC0-301F-11D3-BF4B-00C04F79EFBC}") = "BookStroe.Core", "BookStroe.Core\BookStroe.Core.csproj", "{B622495A-E22C-470B-92C9-7EEF41A0B59C}"
EndProject
Global
	GlobalSection(SolutionConfigurationPlatforms) = preSolution
		Debug|Any CPU = Debug|Any CPU
		Release|Any CPU = Release|Any CPU
	EndGlobalSection
	GlobalSection(ProjectConfigurationPlatforms) = postSolution
		{8DFF1B9C-6860-4436-BECF-3F329E773F51}.Debug|Any CPU.ActiveCfg = Debug|Any CPU
		{8DFF1B9C-6860-4436-BECF-3F329E773F51}.Debug|Any CPU.Build.0 = Debug|Any CPU
		{8DFF1B9C-6860-4436-BECF-3F329E773F51}.Release|Any CPU.ActiveCfg = Release|Any CPU
		{8DFF1B9C-6860-4436-BECF-3F329E773F51}.Release|Any CPU.Build.0 = Release|Any CPU
		{B622495A-E22C-470B-92C9-7EEF41A0B59C}.Debug|Any CPU.ActiveCfg = Debug|Any CPU
		{B622495A-E22C-470B-92C9-7EEF41A0B59C}.Debug|Any CPU.Build.0 = Debug|Any CPU
		{B622495A-E22C-470B-92C9-7EEF41A0B59C}.Release|Any CPU.ActiveCfg = Release|Any CPU
		{B622495A-E22C-470B-92C9-7EEF41A0B59C}.Release|Any CPU.Build.0 = Release|Any CPU
	EndGlobalSection
	GlobalSection(SolutionProperties) = preSolution
		HideSolutionNode = FALSE
	EndGlobalSection
	GlobalSection(ExtensibilityGlobals) = postSolution
		SolutionGuid = {88DF6666-75A3-48E8-8D81-B2606CF7E114}
	EndGlobalSection
EndGlobal
